
Microsoft Visual Studio Solution File, Format Version 12.00
# Visual Studio 15
VisualStudioVersion = 15.0.27130.2027
MinimumVisualStudioVersion = 10.0.40219.1
Project("{FAE04EC0-301F-11D3-BF4B-00C04F79EFBC}") = "BxS_WinUtilFRM", "BxS_WinUtilFRM\BxS_WinUtilFRM.csproj", "{23DC689A-FAA1-4882-A7A3-826CFAB8C4D5}"
EndProject
Project("{FAE04EC0-301F-11D3-BF4B-00C04F79EFBC}") = "zBxS_WinUtil_UT", "zBxS_WinUtil_UT\zBxS_WinUtil_UT.csproj", "{5180CEBA-6FF5-487C-B71B-C3E1E27BD028}"
EndProject
Project("{9A19103F-16F7-4668-BE54-9A1E7A4F7556}") = "BxS_SAPGUI", "BxS_SAPGUI\BxS_SAPGUI.csproj", "{719DB6D7-2D66-43BE-85B3-36DB8D5E3843}"
EndProject
Project("{9A19103F-16F7-4668-BE54-9A1E7A4F7556}") = "zBxS_SAPGUI_UT", "zBxS_SAPGUI_UT\zBxS_SAPGUI_UT.csproj", "{31E38F8D-05D4-4760-BD03-78C8400EB524}"
EndProject
Project("{9A19103F-16F7-4668-BE54-9A1E7A4F7556}") = "zBxS_ToolSet_UT", "zBxS_ToolSet_UT\zBxS_ToolSet_UT.csproj", "{F2404102-03F1-4145-8A9E-3880C86A7728}"
EndProject
Project("{9A19103F-16F7-4668-BE54-9A1E7A4F7556}") = "BxS_ToolSet", "BxS_ToolSet\BxS_ToolSet.csproj", "{69D404B4-FB17-4667-8107-CC3E0827EBDE}"
EndProject
Project("{9A19103F-16F7-4668-BE54-9A1E7A4F7556}") = "BxS_SAPLogon", "BxS_SAPLogon\BxS_SAPLogon.csproj", "{131A0355-9E62-4222-BCE7-0B2417385A06}"
EndProject
Project("{9A19103F-16F7-4668-BE54-9A1E7A4F7556}") = "zBxS_ZStuff", "zBxS_ZStuff\zBxS_ZStuff.csproj", "{2D5E8C9A-BC05-40BD-BA53-C9AE68A0A574}"
EndProject
Project("{9A19103F-16F7-4668-BE54-9A1E7A4F7556}") = "zBxS_SAPLogon_UT", "zBxS_SAPLogon_UT\zBxS_SAPLogon_UT.csproj", "{F6F0F186-9AA2-4581-BA83-D9DD4BD0E10E}"
EndProject
Project("{9A19103F-16F7-4668-BE54-9A1E7A4F7556}") = "BxS_SAPNCO", "BxS_SAPNCO\BxS_SAPNCO.csproj", "{5DEF137C-0271-43DB-B873-942546F438DA}"
EndProject
Project("{9A19103F-16F7-4668-BE54-9A1E7A4F7556}") = "BxS_SAPConn", "BxS_SAPConn\BxS_SAPConn.csproj", "{F0D54B94-EFE5-4FF8-9ED3-A19727B311B5}"
EndProject
Project("{FAE04EC0-301F-11D3-BF4B-00C04F79EFBC}") = "zBxS_UT_SAPNCO", "zBxS_UT_SAPNCO\zBxS_UT_SAPNCO.csproj", "{6EEB54B3-DA72-43DA-9A10-2E658EFE4FE0}"
EndProject
Global
	GlobalSection(SolutionConfigurationPlatforms) = preSolution
		Debug|Any CPU = Debug|Any CPU
		Debug|x64 = Debug|x64
		Debug|x86 = Debug|x86
		Release|Any CPU = Release|Any CPU
		Release|x64 = Release|x64
		Release|x86 = Release|x86
	EndGlobalSection
	GlobalSection(ProjectConfigurationPlatforms) = postSolution
		{23DC689A-FAA1-4882-A7A3-826CFAB8C4D5}.Debug|Any CPU.ActiveCfg = Debug|Any CPU
		{23DC689A-FAA1-4882-A7A3-826CFAB8C4D5}.Debug|Any CPU.Build.0 = Debug|Any CPU
		{23DC689A-FAA1-4882-A7A3-826CFAB8C4D5}.Debug|x64.ActiveCfg = Debug|Any CPU
		{23DC689A-FAA1-4882-A7A3-826CFAB8C4D5}.Debug|x64.Build.0 = Debug|Any CPU
		{23DC689A-FAA1-4882-A7A3-826CFAB8C4D5}.Debug|x86.ActiveCfg = Debug|Any CPU
		{23DC689A-FAA1-4882-A7A3-826CFAB8C4D5}.Debug|x86.Build.0 = Debug|Any CPU
		{23DC689A-FAA1-4882-A7A3-826CFAB8C4D5}.Release|Any CPU.ActiveCfg = Release|Any CPU
		{23DC689A-FAA1-4882-A7A3-826CFAB8C4D5}.Release|Any CPU.Build.0 = Release|Any CPU
		{23DC689A-FAA1-4882-A7A3-826CFAB8C4D5}.Release|x64.ActiveCfg = Release|Any CPU
		{23DC689A-FAA1-4882-A7A3-826CFAB8C4D5}.Release|x64.Build.0 = Release|Any CPU
		{23DC689A-FAA1-4882-A7A3-826CFAB8C4D5}.Release|x86.ActiveCfg = Release|Any CPU
		{23DC689A-FAA1-4882-A7A3-826CFAB8C4D5}.Release|x86.Build.0 = Release|Any CPU
		{5180CEBA-6FF5-487C-B71B-C3E1E27BD028}.Debug|Any CPU.ActiveCfg = Debug|Any CPU
		{5180CEBA-6FF5-487C-B71B-C3E1E27BD028}.Debug|Any CPU.Build.0 = Debug|Any CPU
		{5180CEBA-6FF5-487C-B71B-C3E1E27BD028}.Debug|x64.ActiveCfg = Debug|Any CPU
		{5180CEBA-6FF5-487C-B71B-C3E1E27BD028}.Debug|x64.Build.0 = Debug|Any CPU
		{5180CEBA-6FF5-487C-B71B-C3E1E27BD028}.Debug|x86.ActiveCfg = Debug|Any CPU
		{5180CEBA-6FF5-487C-B71B-C3E1E27BD028}.Debug|x86.Build.0 = Debug|Any CPU
		{5180CEBA-6FF5-487C-B71B-C3E1E27BD028}.Release|Any CPU.ActiveCfg = Release|Any CPU
		{5180CEBA-6FF5-487C-B71B-C3E1E27BD028}.Release|Any CPU.Build.0 = Release|Any CPU
		{5180CEBA-6FF5-487C-B71B-C3E1E27BD028}.Release|x64.ActiveCfg = Release|Any CPU
		{5180CEBA-6FF5-487C-B71B-C3E1E27BD028}.Release|x64.Build.0 = Release|Any CPU
		{5180CEBA-6FF5-487C-B71B-C3E1E27BD028}.Release|x86.ActiveCfg = Release|Any CPU
		{5180CEBA-6FF5-487C-B71B-C3E1E27BD028}.Release|x86.Build.0 = Release|Any CPU
		{719DB6D7-2D66-43BE-85B3-36DB8D5E3843}.Debug|Any CPU.ActiveCfg = Debug|Any CPU
		{719DB6D7-2D66-43BE-85B3-36DB8D5E3843}.Debug|Any CPU.Build.0 = Debug|Any CPU
		{719DB6D7-2D66-43BE-85B3-36DB8D5E3843}.Debug|x64.ActiveCfg = Debug|Any CPU
		{719DB6D7-2D66-43BE-85B3-36DB8D5E3843}.Debug|x64.Build.0 = Debug|Any CPU
		{719DB6D7-2D66-43BE-85B3-36DB8D5E3843}.Debug|x86.ActiveCfg = Debug|Any CPU
		{719DB6D7-2D66-43BE-85B3-36DB8D5E3843}.Debug|x86.Build.0 = Debug|Any CPU
		{719DB6D7-2D66-43BE-85B3-36DB8D5E3843}.Release|Any CPU.ActiveCfg = Release|Any CPU
		{719DB6D7-2D66-43BE-85B3-36DB8D5E3843}.Release|Any CPU.Build.0 = Release|Any CPU
		{719DB6D7-2D66-43BE-85B3-36DB8D5E3843}.Release|x64.ActiveCfg = Release|Any CPU
		{719DB6D7-2D66-43BE-85B3-36DB8D5E3843}.Release|x64.Build.0 = Release|Any CPU
		{719DB6D7-2D66-43BE-85B3-36DB8D5E3843}.Release|x86.ActiveCfg = Release|Any CPU
		{719DB6D7-2D66-43BE-85B3-36DB8D5E3843}.Release|x86.Build.0 = Release|Any CPU
		{31E38F8D-05D4-4760-BD03-78C8400EB524}.Debug|Any CPU.ActiveCfg = Debug|Any CPU
		{31E38F8D-05D4-4760-BD03-78C8400EB524}.Debug|Any CPU.Build.0 = Debug|Any CPU
		{31E38F8D-05D4-4760-BD03-78C8400EB524}.Debug|x64.ActiveCfg = Debug|Any CPU
		{31E38F8D-05D4-4760-BD03-78C8400EB524}.Debug|x64.Build.0 = Debug|Any CPU
		{31E38F8D-05D4-4760-BD03-78C8400EB524}.Debug|x86.ActiveCfg = Debug|Any CPU
		{31E38F8D-05D4-4760-BD03-78C8400EB524}.Debug|x86.Build.0 = Debug|Any CPU
		{31E38F8D-05D4-4760-BD03-78C8400EB524}.Release|Any CPU.ActiveCfg = Release|Any CPU
		{31E38F8D-05D4-4760-BD03-78C8400EB524}.Release|Any CPU.Build.0 = Release|Any CPU
		{31E38F8D-05D4-4760-BD03-78C8400EB524}.Release|x64.ActiveCfg = Release|Any CPU
		{31E38F8D-05D4-4760-BD03-78C8400EB524}.Release|x64.Build.0 = Release|Any CPU
		{31E38F8D-05D4-4760-BD03-78C8400EB524}.Release|x86.ActiveCfg = Release|Any CPU
		{31E38F8D-05D4-4760-BD03-78C8400EB524}.Release|x86.Build.0 = Release|Any CPU
		{F2404102-03F1-4145-8A9E-3880C86A7728}.Debug|Any CPU.ActiveCfg = Debug|Any CPU
		{F2404102-03F1-4145-8A9E-3880C86A7728}.Debug|Any CPU.Build.0 = Debug|Any CPU
		{F2404102-03F1-4145-8A9E-3880C86A7728}.Debug|x64.ActiveCfg = Debug|Any CPU
		{F2404102-03F1-4145-8A9E-3880C86A7728}.Debug|x64.Build.0 = Debug|Any CPU
		{F2404102-03F1-4145-8A9E-3880C86A7728}.Debug|x86.ActiveCfg = Debug|Any CPU
		{F2404102-03F1-4145-8A9E-3880C86A7728}.Debug|x86.Build.0 = Debug|Any CPU
		{F2404102-03F1-4145-8A9E-3880C86A7728}.Release|Any CPU.ActiveCfg = Release|Any CPU
		{F2404102-03F1-4145-8A9E-3880C86A7728}.Release|Any CPU.Build.0 = Release|Any CPU
		{F2404102-03F1-4145-8A9E-3880C86A7728}.Release|x64.ActiveCfg = Release|Any CPU
		{F2404102-03F1-4145-8A9E-3880C86A7728}.Release|x64.Build.0 = Release|Any CPU
		{F2404102-03F1-4145-8A9E-3880C86A7728}.Release|x86.ActiveCfg = Release|Any CPU
		{F2404102-03F1-4145-8A9E-3880C86A7728}.Release|x86.Build.0 = Release|Any CPU
		{69D404B4-FB17-4667-8107-CC3E0827EBDE}.Debug|Any CPU.ActiveCfg = Debug|Any CPU
		{69D404B4-FB17-4667-8107-CC3E0827EBDE}.Debug|Any CPU.Build.0 = Debug|Any CPU
		{69D404B4-FB17-4667-8107-CC3E0827EBDE}.Debug|x64.ActiveCfg = Debug|Any CPU
		{69D404B4-FB17-4667-8107-CC3E0827EBDE}.Debug|x64.Build.0 = Debug|Any CPU
		{69D404B4-FB17-4667-8107-CC3E0827EBDE}.Debug|x86.ActiveCfg = Debug|Any CPU
		{69D404B4-FB17-4667-8107-CC3E0827EBDE}.Debug|x86.Build.0 = Debug|Any CPU
		{69D404B4-FB17-4667-8107-CC3E0827EBDE}.Release|Any CPU.ActiveCfg = Release|Any CPU
		{69D404B4-FB17-4667-8107-CC3E0827EBDE}.Release|Any CPU.Build.0 = Release|Any CPU
		{69D404B4-FB17-4667-8107-CC3E0827EBDE}.Release|x64.ActiveCfg = Release|Any CPU
		{69D404B4-FB17-4667-8107-CC3E0827EBDE}.Release|x64.Build.0 = Release|Any CPU
		{69D404B4-FB17-4667-8107-CC3E0827EBDE}.Release|x86.ActiveCfg = Release|Any CPU
		{69D404B4-FB17-4667-8107-CC3E0827EBDE}.Release|x86.Build.0 = Release|Any CPU
		{131A0355-9E62-4222-BCE7-0B2417385A06}.Debug|Any CPU.ActiveCfg = Debug|Any CPU
		{131A0355-9E62-4222-BCE7-0B2417385A06}.Debug|Any CPU.Build.0 = Debug|Any CPU
		{131A0355-9E62-4222-BCE7-0B2417385A06}.Debug|x64.ActiveCfg = Debug|Any CPU
		{131A0355-9E62-4222-BCE7-0B2417385A06}.Debug|x64.Build.0 = Debug|Any CPU
		{131A0355-9E62-4222-BCE7-0B2417385A06}.Debug|x86.ActiveCfg = Debug|Any CPU
		{131A0355-9E62-4222-BCE7-0B2417385A06}.Debug|x86.Build.0 = Debug|Any CPU
		{131A0355-9E62-4222-BCE7-0B2417385A06}.Release|Any CPU.ActiveCfg = Release|Any CPU
		{131A0355-9E62-4222-BCE7-0B2417385A06}.Release|Any CPU.Build.0 = Release|Any CPU
		{131A0355-9E62-4222-BCE7-0B2417385A06}.Release|x64.ActiveCfg = Release|Any CPU
		{131A0355-9E62-4222-BCE7-0B2417385A06}.Release|x64.Build.0 = Release|Any CPU
		{131A0355-9E62-4222-BCE7-0B2417385A06}.Release|x86.ActiveCfg = Release|Any CPU
		{131A0355-9E62-4222-BCE7-0B2417385A06}.Release|x86.Build.0 = Release|Any CPU
		{2D5E8C9A-BC05-40BD-BA53-C9AE68A0A574}.Debug|Any CPU.ActiveCfg = Debug|Any CPU
		{2D5E8C9A-BC05-40BD-BA53-C9AE68A0A574}.Debug|Any CPU.Build.0 = Debug|Any CPU
		{2D5E8C9A-BC05-40BD-BA53-C9AE68A0A574}.Debug|x64.ActiveCfg = Debug|Any CPU
		{2D5E8C9A-BC05-40BD-BA53-C9AE68A0A574}.Debug|x64.Build.0 = Debug|Any CPU
		{2D5E8C9A-BC05-40BD-BA53-C9AE68A0A574}.Debug|x86.ActiveCfg = Debug|Any CPU
		{2D5E8C9A-BC05-40BD-BA53-C9AE68A0A574}.Debug|x86.Build.0 = Debug|Any CPU
		{2D5E8C9A-BC05-40BD-BA53-C9AE68A0A574}.Release|Any CPU.ActiveCfg = Release|Any CPU
		{2D5E8C9A-BC05-40BD-BA53-C9AE68A0A574}.Release|Any CPU.Build.0 = Release|Any CPU
		{2D5E8C9A-BC05-40BD-BA53-C9AE68A0A574}.Release|x64.ActiveCfg = Release|Any CPU
		{2D5E8C9A-BC05-40BD-BA53-C9AE68A0A574}.Release|x64.Build.0 = Release|Any CPU
		{2D5E8C9A-BC05-40BD-BA53-C9AE68A0A574}.Release|x86.ActiveCfg = Release|Any CPU
		{2D5E8C9A-BC05-40BD-BA53-C9AE68A0A574}.Release|x86.Build.0 = Release|Any CPU
		{F6F0F186-9AA2-4581-BA83-D9DD4BD0E10E}.Debug|Any CPU.ActiveCfg = Debug|Any CPU
		{F6F0F186-9AA2-4581-BA83-D9DD4BD0E10E}.Debug|Any CPU.Build.0 = Debug|Any CPU
		{F6F0F186-9AA2-4581-BA83-D9DD4BD0E10E}.Debug|x64.ActiveCfg = Debug|Any CPU
		{F6F0F186-9AA2-4581-BA83-D9DD4BD0E10E}.Debug|x64.Build.0 = Debug|Any CPU
		{F6F0F186-9AA2-4581-BA83-D9DD4BD0E10E}.Debug|x86.ActiveCfg = Debug|Any CPU
		{F6F0F186-9AA2-4581-BA83-D9DD4BD0E10E}.Debug|x86.Build.0 = Debug|Any CPU
		{F6F0F186-9AA2-4581-BA83-D9DD4BD0E10E}.Release|Any CPU.ActiveCfg = Release|Any CPU
		{F6F0F186-9AA2-4581-BA83-D9DD4BD0E10E}.Release|Any CPU.Build.0 = Release|Any CPU
		{F6F0F186-9AA2-4581-BA83-D9DD4BD0E10E}.Release|x64.ActiveCfg = Release|Any CPU
		{F6F0F186-9AA2-4581-BA83-D9DD4BD0E10E}.Release|x64.Build.0 = Release|Any CPU
		{F6F0F186-9AA2-4581-BA83-D9DD4BD0E10E}.Release|x86.ActiveCfg = Release|Any CPU
		{F6F0F186-9AA2-4581-BA83-D9DD4BD0E10E}.Release|x86.Build.0 = Release|Any CPU
		{5DEF137C-0271-43DB-B873-942546F438DA}.Debug|Any CPU.ActiveCfg = Debug|Any CPU
		{5DEF137C-0271-43DB-B873-942546F438DA}.Debug|Any CPU.Build.0 = Debug|Any CPU
		{5DEF137C-0271-43DB-B873-942546F438DA}.Debug|x64.ActiveCfg = Debug|Any CPU
		{5DEF137C-0271-43DB-B873-942546F438DA}.Debug|x64.Build.0 = Debug|Any CPU
		{5DEF137C-0271-43DB-B873-942546F438DA}.Debug|x86.ActiveCfg = Debug|Any CPU
		{5DEF137C-0271-43DB-B873-942546F438DA}.Debug|x86.Build.0 = Debug|Any CPU
		{5DEF137C-0271-43DB-B873-942546F438DA}.Release|Any CPU.ActiveCfg = Release|Any CPU
		{5DEF137C-0271-43DB-B873-942546F438DA}.Release|Any CPU.Build.0 = Release|Any CPU
		{5DEF137C-0271-43DB-B873-942546F438DA}.Release|x64.ActiveCfg = Release|Any CPU
		{5DEF137C-0271-43DB-B873-942546F438DA}.Release|x64.Build.0 = Release|Any CPU
		{5DEF137C-0271-43DB-B873-942546F438DA}.Release|x86.ActiveCfg = Release|Any CPU
		{5DEF137C-0271-43DB-B873-942546F438DA}.Release|x86.Build.0 = Release|Any CPU
		{F0D54B94-EFE5-4FF8-9ED3-A19727B311B5}.Debug|Any CPU.ActiveCfg = Debug|Any CPU
		{F0D54B94-EFE5-4FF8-9ED3-A19727B311B5}.Debug|Any CPU.Build.0 = Debug|Any CPU
		{F0D54B94-EFE5-4FF8-9ED3-A19727B311B5}.Debug|x64.ActiveCfg = Debug|Any CPU
		{F0D54B94-EFE5-4FF8-9ED3-A19727B311B5}.Debug|x64.Build.0 = Debug|Any CPU
		{F0D54B94-EFE5-4FF8-9ED3-A19727B311B5}.Debug|x86.ActiveCfg = Debug|Any CPU
		{F0D54B94-EFE5-4FF8-9ED3-A19727B311B5}.Debug|x86.Build.0 = Debug|Any CPU
		{F0D54B94-EFE5-4FF8-9ED3-A19727B311B5}.Release|Any CPU.ActiveCfg = Release|Any CPU
		{F0D54B94-EFE5-4FF8-9ED3-A19727B311B5}.Release|Any CPU.Build.0 = Release|Any CPU
		{F0D54B94-EFE5-4FF8-9ED3-A19727B311B5}.Release|x64.ActiveCfg = Release|Any CPU
		{F0D54B94-EFE5-4FF8-9ED3-A19727B311B5}.Release|x64.Build.0 = Release|Any CPU
		{F0D54B94-EFE5-4FF8-9ED3-A19727B311B5}.Release|x86.ActiveCfg = Release|Any CPU
		{F0D54B94-EFE5-4FF8-9ED3-A19727B311B5}.Release|x86.Build.0 = Release|Any CPU
		{6EEB54B3-DA72-43DA-9A10-2E658EFE4FE0}.Debug|Any CPU.ActiveCfg = Debug|Any CPU
		{6EEB54B3-DA72-43DA-9A10-2E658EFE4FE0}.Debug|Any CPU.Build.0 = Debug|Any CPU
		{6EEB54B3-DA72-43DA-9A10-2E658EFE4FE0}.Debug|x64.ActiveCfg = Debug|Any CPU
		{6EEB54B3-DA72-43DA-9A10-2E658EFE4FE0}.Debug|x64.Build.0 = Debug|Any CPU
		{6EEB54B3-DA72-43DA-9A10-2E658EFE4FE0}.Debug|x86.ActiveCfg = Debug|Any CPU
		{6EEB54B3-DA72-43DA-9A10-2E658EFE4FE0}.Debug|x86.Build.0 = Debug|Any CPU
		{6EEB54B3-DA72-43DA-9A10-2E658EFE4FE0}.Release|Any CPU.ActiveCfg = Release|Any CPU
		{6EEB54B3-DA72-43DA-9A10-2E658EFE4FE0}.Release|Any CPU.Build.0 = Release|Any CPU
		{6EEB54B3-DA72-43DA-9A10-2E658EFE4FE0}.Release|x64.ActiveCfg = Release|Any CPU
		{6EEB54B3-DA72-43DA-9A10-2E658EFE4FE0}.Release|x64.Build.0 = Release|Any CPU
		{6EEB54B3-DA72-43DA-9A10-2E658EFE4FE0}.Release|x86.ActiveCfg = Release|Any CPU
		{6EEB54B3-DA72-43DA-9A10-2E658EFE4FE0}.Release|x86.Build.0 = Release|Any CPU
	EndGlobalSection
	GlobalSection(SolutionProperties) = preSolution
		HideSolutionNode = FALSE
	EndGlobalSection
	GlobalSection(ExtensibilityGlobals) = postSolution
		SolutionGuid = {982AA9A7-3258-48F2-A91C-F91CECAB38DD}
	EndGlobalSection
EndGlobal
