
Microsoft Visual Studio Solution File, Format Version 12.00
# Visual Studio 15
VisualStudioVersion = 15.0.27130.2036
MinimumVisualStudioVersion = 10.0.40219.1
Project("{D954291E-2A0B-460D-934E-DC6B0785DB48}") = "BxS_xWorxUtilities", "BxS_xWorxUtilities\BxS_xWorxUtilities.shproj", "{D127D281-FDC0-4123-9261-FA06C21F8502}"
EndProject
Project("{D954291E-2A0B-460D-934E-DC6B0785DB48}") = "BxS_xWorxIPX", "BxS_xWorxIPX\BxS_xWorxIPX.shproj", "{01C168D7-E517-4E86-9C0B-85B30F057E1E}"
EndProject
Project("{9A19103F-16F7-4668-BE54-9A1E7A4F7556}") = "BxS_WorxNCO", "BxS_WorxNCO\BxS_WorxNCO.csproj", "{687B361C-7BE2-4A90-90C4-8247D082CAE6}"
EndProject
Project("{D954291E-2A0B-460D-934E-DC6B0785DB48}") = "BxS_xWorxBDCParser", "BxS_xWorxBDCParser\BxS_xWorxBDCParser.shproj", "{998E982D-2F7D-4314-8BA4-D8DEB667488C}"
EndProject
Project("{9A19103F-16F7-4668-BE54-9A1E7A4F7556}") = "BxS_WorxDestination", "BxS_WorxDestination\BxS_WorxDestination.csproj", "{7F7CC90D-D394-49B5-8939-F1F2AC0CA369}"
EndProject
Project("{FAE04EC0-301F-11D3-BF4B-00C04F79EFBC}") = "BxS_Worx", "BxS_Worx\BxS_Worx.csproj", "{AF4C2089-7C67-4E5B-882B-DC40031A3D73}"
EndProject
Global
	GlobalSection(SharedMSBuildProjectFiles) = preSolution
		BxS_xWorxIPX\BxS_xWorxIPX.projitems*{01c168d7-e517-4e86-9c0b-85b30f057e1e}*SharedItemsImports = 13
		BxS_xWorxBDCParser\BxS_xWorxBDCParser.projitems*{998e982d-2f7d-4314-8ba4-d8deb667488c}*SharedItemsImports = 13
		BxS_xWorxUtilities\BxS_xWorxUtilities.projitems*{d127d281-fdc0-4123-9261-fa06c21f8502}*SharedItemsImports = 13
	EndGlobalSection
	GlobalSection(SolutionConfigurationPlatforms) = preSolution
		Debug|Any CPU = Debug|Any CPU
		Release|Any CPU = Release|Any CPU
	EndGlobalSection
	GlobalSection(ProjectConfigurationPlatforms) = postSolution
		{687B361C-7BE2-4A90-90C4-8247D082CAE6}.Debug|Any CPU.ActiveCfg = Debug|Any CPU
		{687B361C-7BE2-4A90-90C4-8247D082CAE6}.Debug|Any CPU.Build.0 = Debug|Any CPU
		{687B361C-7BE2-4A90-90C4-8247D082CAE6}.Release|Any CPU.ActiveCfg = Release|Any CPU
		{687B361C-7BE2-4A90-90C4-8247D082CAE6}.Release|Any CPU.Build.0 = Release|Any CPU
		{7F7CC90D-D394-49B5-8939-F1F2AC0CA369}.Debug|Any CPU.ActiveCfg = Debug|Any CPU
		{7F7CC90D-D394-49B5-8939-F1F2AC0CA369}.Debug|Any CPU.Build.0 = Debug|Any CPU
		{7F7CC90D-D394-49B5-8939-F1F2AC0CA369}.Release|Any CPU.ActiveCfg = Release|Any CPU
		{7F7CC90D-D394-49B5-8939-F1F2AC0CA369}.Release|Any CPU.Build.0 = Release|Any CPU
		{AF4C2089-7C67-4E5B-882B-DC40031A3D73}.Debug|Any CPU.ActiveCfg = Debug|Any CPU
		{AF4C2089-7C67-4E5B-882B-DC40031A3D73}.Debug|Any CPU.Build.0 = Debug|Any CPU
		{AF4C2089-7C67-4E5B-882B-DC40031A3D73}.Release|Any CPU.ActiveCfg = Release|Any CPU
		{AF4C2089-7C67-4E5B-882B-DC40031A3D73}.Release|Any CPU.Build.0 = Release|Any CPU
	EndGlobalSection
	GlobalSection(SolutionProperties) = preSolution
		HideSolutionNode = FALSE
	EndGlobalSection
	GlobalSection(ExtensibilityGlobals) = postSolution
		SolutionGuid = {7E2ACF5D-18BF-4B07-A250-FBA78BE08306}
	EndGlobalSection
EndGlobal
