
Microsoft Visual Studio Solution File, Format Version 12.00
# Visual Studio 15
VisualStudioVersion = 15.0.27130.2036
MinimumVisualStudioVersion = 10.0.40219.1
Project("{D954291E-2A0B-460D-934E-DC6B0785DB48}") = "BxS_xWorxUtilities", "BxS_xWorxUtilities\BxS_xWorxUtilities.shproj", "{D127D281-FDC0-4123-9261-FA06C21F8502}"
EndProject
Project("{D954291E-2A0B-460D-934E-DC6B0785DB48}") = "BxS_xWorxIPX", "BxS_xWorxIPX\BxS_xWorxIPX.shproj", "{01C168D7-E517-4E86-9C0B-85B30F057E1E}"
EndProject
Project("{D954291E-2A0B-460D-934E-DC6B0785DB48}") = "BxS_xWorxBDCParser", "BxS_xWorxBDCParser\BxS_xWorxBDCParser.shproj", "{998E982D-2F7D-4314-8BA4-D8DEB667488C}"
EndProject
Project("{9A19103F-16F7-4668-BE54-9A1E7A4F7556}") = "BxS_Worx", "BxS_Worx\BxS_Worx.csproj", "{AF4C2089-7C67-4E5B-882B-DC40031A3D73}"
EndProject
Project("{2150E333-8FDC-42A3-9474-1A3956D46DE8}") = "BxS_zWorx_UnitTests", "BxS_zWorx_UnitTests", "{ED64A9B4-FEC1-450C-8E00-C3572F8D449D}"
EndProject
Project("{2150E333-8FDC-42A3-9474-1A3956D46DE8}") = "BxS_aWorx_Completed", "BxS_aWorx_Completed", "{B747CC8B-5AF7-4206-9882-15DD9CDE0E0A}"
EndProject
Project("{FAE04EC0-301F-11D3-BF4B-00C04F79EFBC}") = "BxS_zWorx_UT_Worx", "BxS_zWorx_UT_Worx\BxS_zWorx_UT_Worx.csproj", "{A8509440-B802-499E-BC49-76AEB3A599F4}"
EndProject
Project("{2150E333-8FDC-42A3-9474-1A3956D46DE8}") = "BxS_yWorx_WIP", "BxS_yWorx_WIP", "{79346D9D-6E48-4C57-B4DC-80EDFA7BE94D}"
EndProject
Project("{2150E333-8FDC-42A3-9474-1A3956D46DE8}") = "BxS_xWorx_Current", "BxS_xWorx_Current", "{DEF2E403-2C3E-4F06-9EE7-065B16285F59}"
EndProject
Project("{9A19103F-16F7-4668-BE54-9A1E7A4F7556}") = "BxS_WorxNCO", "BxS_WorxNCO\BxS_WorxNCO.csproj", "{3A72C61F-98BE-4B4A-B1E0-172E96D7B91A}"
EndProject
Project("{FAE04EC0-301F-11D3-BF4B-00C04F79EFBC}") = "BxS_zWorxNCO_UT", "BxS_zWorxNCO_UT\BxS_zWorxNCO_UT.csproj", "{4A1DD209-3E1C-4305-A86E-3BF6DF7E8BB0}"
	ProjectSection(ProjectDependencies) = postProject
		{3A72C61F-98BE-4B4A-B1E0-172E96D7B91A} = {3A72C61F-98BE-4B4A-B1E0-172E96D7B91A}
	EndProjectSection
EndProject
Project("{9A19103F-16F7-4668-BE54-9A1E7A4F7556}") = "BxS_WorxIPX", "BxS_WorxIPX\BxS_WorxIPX.csproj", "{4CCEF63B-9093-448A-B73F-E55EC11B5138}"
EndProject
Project("{FAE04EC0-301F-11D3-BF4B-00C04F79EFBC}") = "BxS_zWorxIPX_UT", "BxS_zWorxIPX_UT\BxS_zWorxIPX_UT.csproj", "{DB7EFD7E-CACC-49AE-8851-FF2C1A3A90DE}"
EndProject
Project("{9A19103F-16F7-4668-BE54-9A1E7A4F7556}") = "BxS_WorxUtilities", "BxS_WorxUtilities\BxS_WorxUtilities.csproj", "{0E37FC33-D5BD-44E3-B050-419D9CBDA902}"
EndProject
Project("{FAE04EC0-301F-11D3-BF4B-00C04F79EFBC}") = "BxS_WorxExcel", "BxS_WorxExcel\BxS_WorxExcel.csproj", "{22BF6001-21F7-4951-9874-F875FA7E572F}"
EndProject
Global
	GlobalSection(SharedMSBuildProjectFiles) = preSolution
		BxS_xWorxIPX\BxS_xWorxIPX.projitems*{01c168d7-e517-4e86-9c0b-85b30f057e1e}*SharedItemsImports = 13
		BxS_xWorxBDCParser\BxS_xWorxBDCParser.projitems*{998e982d-2f7d-4314-8ba4-d8deb667488c}*SharedItemsImports = 13
		BxS_xWorxUtilities\BxS_xWorxUtilities.projitems*{d127d281-fdc0-4123-9261-fa06c21f8502}*SharedItemsImports = 13
	EndGlobalSection
	GlobalSection(SolutionConfigurationPlatforms) = preSolution
		Debug|Any CPU = Debug|Any CPU
		Release|Any CPU = Release|Any CPU
	EndGlobalSection
	GlobalSection(ProjectConfigurationPlatforms) = postSolution
		{AF4C2089-7C67-4E5B-882B-DC40031A3D73}.Debug|Any CPU.ActiveCfg = Debug|Any CPU
		{AF4C2089-7C67-4E5B-882B-DC40031A3D73}.Debug|Any CPU.Build.0 = Debug|Any CPU
		{AF4C2089-7C67-4E5B-882B-DC40031A3D73}.Release|Any CPU.ActiveCfg = Release|Any CPU
		{AF4C2089-7C67-4E5B-882B-DC40031A3D73}.Release|Any CPU.Build.0 = Release|Any CPU
		{A8509440-B802-499E-BC49-76AEB3A599F4}.Debug|Any CPU.ActiveCfg = Debug|Any CPU
		{A8509440-B802-499E-BC49-76AEB3A599F4}.Debug|Any CPU.Build.0 = Debug|Any CPU
		{A8509440-B802-499E-BC49-76AEB3A599F4}.Release|Any CPU.ActiveCfg = Release|Any CPU
		{A8509440-B802-499E-BC49-76AEB3A599F4}.Release|Any CPU.Build.0 = Release|Any CPU
		{3A72C61F-98BE-4B4A-B1E0-172E96D7B91A}.Debug|Any CPU.ActiveCfg = Debug|Any CPU
		{3A72C61F-98BE-4B4A-B1E0-172E96D7B91A}.Debug|Any CPU.Build.0 = Debug|Any CPU
		{3A72C61F-98BE-4B4A-B1E0-172E96D7B91A}.Release|Any CPU.ActiveCfg = Release|Any CPU
		{3A72C61F-98BE-4B4A-B1E0-172E96D7B91A}.Release|Any CPU.Build.0 = Release|Any CPU
		{4A1DD209-3E1C-4305-A86E-3BF6DF7E8BB0}.Debug|Any CPU.ActiveCfg = Debug|Any CPU
		{4A1DD209-3E1C-4305-A86E-3BF6DF7E8BB0}.Debug|Any CPU.Build.0 = Debug|Any CPU
		{4A1DD209-3E1C-4305-A86E-3BF6DF7E8BB0}.Release|Any CPU.ActiveCfg = Release|Any CPU
		{4A1DD209-3E1C-4305-A86E-3BF6DF7E8BB0}.Release|Any CPU.Build.0 = Release|Any CPU
		{4CCEF63B-9093-448A-B73F-E55EC11B5138}.Debug|Any CPU.ActiveCfg = Debug|Any CPU
		{4CCEF63B-9093-448A-B73F-E55EC11B5138}.Debug|Any CPU.Build.0 = Debug|Any CPU
		{4CCEF63B-9093-448A-B73F-E55EC11B5138}.Release|Any CPU.ActiveCfg = Release|Any CPU
		{4CCEF63B-9093-448A-B73F-E55EC11B5138}.Release|Any CPU.Build.0 = Release|Any CPU
		{DB7EFD7E-CACC-49AE-8851-FF2C1A3A90DE}.Debug|Any CPU.ActiveCfg = Debug|Any CPU
		{DB7EFD7E-CACC-49AE-8851-FF2C1A3A90DE}.Debug|Any CPU.Build.0 = Debug|Any CPU
		{DB7EFD7E-CACC-49AE-8851-FF2C1A3A90DE}.Release|Any CPU.ActiveCfg = Release|Any CPU
		{DB7EFD7E-CACC-49AE-8851-FF2C1A3A90DE}.Release|Any CPU.Build.0 = Release|Any CPU
		{0E37FC33-D5BD-44E3-B050-419D9CBDA902}.Debug|Any CPU.ActiveCfg = Debug|Any CPU
		{0E37FC33-D5BD-44E3-B050-419D9CBDA902}.Debug|Any CPU.Build.0 = Debug|Any CPU
		{0E37FC33-D5BD-44E3-B050-419D9CBDA902}.Release|Any CPU.ActiveCfg = Release|Any CPU
		{0E37FC33-D5BD-44E3-B050-419D9CBDA902}.Release|Any CPU.Build.0 = Release|Any CPU
		{22BF6001-21F7-4951-9874-F875FA7E572F}.Debug|Any CPU.ActiveCfg = Debug|Any CPU
		{22BF6001-21F7-4951-9874-F875FA7E572F}.Debug|Any CPU.Build.0 = Debug|Any CPU
		{22BF6001-21F7-4951-9874-F875FA7E572F}.Release|Any CPU.ActiveCfg = Release|Any CPU
		{22BF6001-21F7-4951-9874-F875FA7E572F}.Release|Any CPU.Build.0 = Release|Any CPU
	EndGlobalSection
	GlobalSection(SolutionProperties) = preSolution
		HideSolutionNode = FALSE
	EndGlobalSection
	GlobalSection(NestedProjects) = preSolution
		{A8509440-B802-499E-BC49-76AEB3A599F4} = {ED64A9B4-FEC1-450C-8E00-C3572F8D449D}
		{3A72C61F-98BE-4B4A-B1E0-172E96D7B91A} = {DEF2E403-2C3E-4F06-9EE7-065B16285F59}
		{4A1DD209-3E1C-4305-A86E-3BF6DF7E8BB0} = {ED64A9B4-FEC1-450C-8E00-C3572F8D449D}
		{4CCEF63B-9093-448A-B73F-E55EC11B5138} = {DEF2E403-2C3E-4F06-9EE7-065B16285F59}
		{DB7EFD7E-CACC-49AE-8851-FF2C1A3A90DE} = {ED64A9B4-FEC1-450C-8E00-C3572F8D449D}
		{0E37FC33-D5BD-44E3-B050-419D9CBDA902} = {DEF2E403-2C3E-4F06-9EE7-065B16285F59}
		{22BF6001-21F7-4951-9874-F875FA7E572F} = {79346D9D-6E48-4C57-B4DC-80EDFA7BE94D}
	EndGlobalSection
	GlobalSection(ExtensibilityGlobals) = postSolution
		SolutionGuid = {7E2ACF5D-18BF-4B07-A250-FBA78BE08306}
	EndGlobalSection
EndGlobal
