
Microsoft Visual Studio Solution File, Format Version 12.00
# Visual Studio 15
VisualStudioVersion = 15.0.27130.2036
MinimumVisualStudioVersion = 10.0.40219.1
Project("{9A19103F-16F7-4668-BE54-9A1E7A4F7556}") = "BxS_Worx", "BxS_Worx\BxS_Worx.csproj", "{AF4C2089-7C67-4E5B-882B-DC40031A3D73}"
EndProject
Project("{9A19103F-16F7-4668-BE54-9A1E7A4F7556}") = "BxS_WorxNCO", "BxS_WorxNCO\BxS_WorxNCO.csproj", "{3A72C61F-98BE-4B4A-B1E0-172E96D7B91A}"
EndProject
Project("{FAE04EC0-301F-11D3-BF4B-00C04F79EFBC}") = "BxS_zWorxNCO_UT", "BxS_zWorxNCO_UT\BxS_zWorxNCO_UT.csproj", "{4A1DD209-3E1C-4305-A86E-3BF6DF7E8BB0}"
	ProjectSection(ProjectDependencies) = postProject
		{3A72C61F-98BE-4B4A-B1E0-172E96D7B91A} = {3A72C61F-98BE-4B4A-B1E0-172E96D7B91A}
	EndProjectSection
EndProject
Project("{9A19103F-16F7-4668-BE54-9A1E7A4F7556}") = "BxS_WorxIPX", "BxS_WorxIPX\BxS_WorxIPX.csproj", "{4CCEF63B-9093-448A-B73F-E55EC11B5138}"
EndProject
Project("{FAE04EC0-301F-11D3-BF4B-00C04F79EFBC}") = "BxS_zWorxIPX_UT", "BxS_zWorxIPX_UT\BxS_zWorxIPX_UT.csproj", "{DB7EFD7E-CACC-49AE-8851-FF2C1A3A90DE}"
EndProject
Project("{9A19103F-16F7-4668-BE54-9A1E7A4F7556}") = "BxS_WorxUtilities", "BxS_WorxUtilities\BxS_WorxUtilities.csproj", "{0E37FC33-D5BD-44E3-B050-419D9CBDA902}"
EndProject
Project("{FAE04EC0-301F-11D3-BF4B-00C04F79EFBC}") = "BxS_WorxExcel", "BxS_WorxExcel\BxS_WorxExcel.csproj", "{22BF6001-21F7-4951-9874-F875FA7E572F}"
EndProject
Project("{2150E333-8FDC-42A3-9474-1A3956D46DE8}") = "BxS_aWorxIPX", "BxS_aWorxIPX", "{41109AD2-653C-4BCD-BA73-555156D29B9F}"
EndProject
Project("{2150E333-8FDC-42A3-9474-1A3956D46DE8}") = "BxS_bWorxNCO", "BxS_bWorxNCO", "{D2505874-AFAB-4F33-80BE-97B060478CA0}"
EndProject
Project("{2150E333-8FDC-42A3-9474-1A3956D46DE8}") = "BxS_cWorxUtilities", "BxS_cWorxUtilities", "{E0C6B76A-A7F6-4565-BB53-36CA9F0CFB38}"
EndProject
Project("{2150E333-8FDC-42A3-9474-1A3956D46DE8}") = "BxS_dWorxExcel", "BxS_dWorxExcel", "{A72502F3-8476-4CD9-A5B7-46ACDF054876}"
EndProject
Project("{FAE04EC0-301F-11D3-BF4B-00C04F79EFBC}") = "BxS_zWorxUtil_UT", "BxS_zWorxUtil_UT\BxS_zWorxUtil_UT.csproj", "{13AFEE4C-D0CA-477C-A243-B9C2855D9A70}"
EndProject
Project("{FAE04EC0-301F-11D3-BF4B-00C04F79EFBC}") = "BxS_WorxWebExcel", "BxS_WorxWebExcel\BxS_WorxWebExcel.csproj", "{0B481CC4-1BD2-424A-80B4-7F067E1ADCAB}"
EndProject
Project("{FAE04EC0-301F-11D3-BF4B-00C04F79EFBC}") = "BxS_WorxWebExcelWeb", "BxS_WorxWebExcelWeb\BxS_WorxWebExcelWeb.csproj", "{D65570FF-F860-4D35-9B28-9BD5F387C979}"
EndProject
Project("{2150E333-8FDC-42A3-9474-1A3956D46DE8}") = "BxS_zWorxTest", "BxS_zWorxTest", "{AB1669EE-B5F7-4666-A5C5-0CD8DC1AB924}"
EndProject
Project("{FAE04EC0-301F-11D3-BF4B-00C04F79EFBC}") = "BxSWorxFormTesting", "BxSWorxFormTesting\BxSWorxFormTesting.csproj", "{31E7AA2A-91FE-4A10-9C21-7888E6E3A76F}"
EndProject
Project("{FAE04EC0-301F-11D3-BF4B-00C04F79EFBC}") = "BxSWorxUIControls", "BxSWorxUIControls\BxSWorxUIControls.csproj", "{D136EDEB-5EE9-4635-A357-51E3B7CC079B}"
EndProject
Global
	GlobalSection(SolutionConfigurationPlatforms) = preSolution
		Debug|Any CPU = Debug|Any CPU
		Release|Any CPU = Release|Any CPU
	EndGlobalSection
	GlobalSection(ProjectConfigurationPlatforms) = postSolution
		{AF4C2089-7C67-4E5B-882B-DC40031A3D73}.Debug|Any CPU.ActiveCfg = Debug|Any CPU
		{AF4C2089-7C67-4E5B-882B-DC40031A3D73}.Debug|Any CPU.Build.0 = Debug|Any CPU
		{AF4C2089-7C67-4E5B-882B-DC40031A3D73}.Release|Any CPU.ActiveCfg = Release|Any CPU
		{AF4C2089-7C67-4E5B-882B-DC40031A3D73}.Release|Any CPU.Build.0 = Release|Any CPU
		{3A72C61F-98BE-4B4A-B1E0-172E96D7B91A}.Debug|Any CPU.ActiveCfg = Debug|Any CPU
		{3A72C61F-98BE-4B4A-B1E0-172E96D7B91A}.Debug|Any CPU.Build.0 = Debug|Any CPU
		{3A72C61F-98BE-4B4A-B1E0-172E96D7B91A}.Release|Any CPU.ActiveCfg = Release|Any CPU
		{3A72C61F-98BE-4B4A-B1E0-172E96D7B91A}.Release|Any CPU.Build.0 = Release|Any CPU
		{4A1DD209-3E1C-4305-A86E-3BF6DF7E8BB0}.Debug|Any CPU.ActiveCfg = Debug|Any CPU
		{4A1DD209-3E1C-4305-A86E-3BF6DF7E8BB0}.Debug|Any CPU.Build.0 = Debug|Any CPU
		{4A1DD209-3E1C-4305-A86E-3BF6DF7E8BB0}.Release|Any CPU.ActiveCfg = Release|Any CPU
		{4A1DD209-3E1C-4305-A86E-3BF6DF7E8BB0}.Release|Any CPU.Build.0 = Release|Any CPU
		{4CCEF63B-9093-448A-B73F-E55EC11B5138}.Debug|Any CPU.ActiveCfg = Debug|Any CPU
		{4CCEF63B-9093-448A-B73F-E55EC11B5138}.Debug|Any CPU.Build.0 = Debug|Any CPU
		{4CCEF63B-9093-448A-B73F-E55EC11B5138}.Release|Any CPU.ActiveCfg = Release|Any CPU
		{4CCEF63B-9093-448A-B73F-E55EC11B5138}.Release|Any CPU.Build.0 = Release|Any CPU
		{DB7EFD7E-CACC-49AE-8851-FF2C1A3A90DE}.Debug|Any CPU.ActiveCfg = Debug|Any CPU
		{DB7EFD7E-CACC-49AE-8851-FF2C1A3A90DE}.Debug|Any CPU.Build.0 = Debug|Any CPU
		{DB7EFD7E-CACC-49AE-8851-FF2C1A3A90DE}.Release|Any CPU.ActiveCfg = Release|Any CPU
		{DB7EFD7E-CACC-49AE-8851-FF2C1A3A90DE}.Release|Any CPU.Build.0 = Release|Any CPU
		{0E37FC33-D5BD-44E3-B050-419D9CBDA902}.Debug|Any CPU.ActiveCfg = Debug|Any CPU
		{0E37FC33-D5BD-44E3-B050-419D9CBDA902}.Debug|Any CPU.Build.0 = Debug|Any CPU
		{0E37FC33-D5BD-44E3-B050-419D9CBDA902}.Release|Any CPU.ActiveCfg = Release|Any CPU
		{0E37FC33-D5BD-44E3-B050-419D9CBDA902}.Release|Any CPU.Build.0 = Release|Any CPU
		{22BF6001-21F7-4951-9874-F875FA7E572F}.Debug|Any CPU.ActiveCfg = Debug|Any CPU
		{22BF6001-21F7-4951-9874-F875FA7E572F}.Debug|Any CPU.Build.0 = Debug|Any CPU
		{22BF6001-21F7-4951-9874-F875FA7E572F}.Release|Any CPU.ActiveCfg = Release|Any CPU
		{22BF6001-21F7-4951-9874-F875FA7E572F}.Release|Any CPU.Build.0 = Release|Any CPU
		{13AFEE4C-D0CA-477C-A243-B9C2855D9A70}.Debug|Any CPU.ActiveCfg = Debug|Any CPU
		{13AFEE4C-D0CA-477C-A243-B9C2855D9A70}.Debug|Any CPU.Build.0 = Debug|Any CPU
		{13AFEE4C-D0CA-477C-A243-B9C2855D9A70}.Release|Any CPU.ActiveCfg = Release|Any CPU
		{13AFEE4C-D0CA-477C-A243-B9C2855D9A70}.Release|Any CPU.Build.0 = Release|Any CPU
		{0B481CC4-1BD2-424A-80B4-7F067E1ADCAB}.Debug|Any CPU.ActiveCfg = Debug|Any CPU
		{0B481CC4-1BD2-424A-80B4-7F067E1ADCAB}.Debug|Any CPU.Build.0 = Debug|Any CPU
		{0B481CC4-1BD2-424A-80B4-7F067E1ADCAB}.Debug|Any CPU.Deploy.0 = Debug|Any CPU
		{0B481CC4-1BD2-424A-80B4-7F067E1ADCAB}.Release|Any CPU.ActiveCfg = Release|Any CPU
		{0B481CC4-1BD2-424A-80B4-7F067E1ADCAB}.Release|Any CPU.Build.0 = Release|Any CPU
		{0B481CC4-1BD2-424A-80B4-7F067E1ADCAB}.Release|Any CPU.Deploy.0 = Release|Any CPU
		{D65570FF-F860-4D35-9B28-9BD5F387C979}.Debug|Any CPU.ActiveCfg = Debug|Any CPU
		{D65570FF-F860-4D35-9B28-9BD5F387C979}.Debug|Any CPU.Build.0 = Debug|Any CPU
		{D65570FF-F860-4D35-9B28-9BD5F387C979}.Release|Any CPU.ActiveCfg = Release|Any CPU
		{D65570FF-F860-4D35-9B28-9BD5F387C979}.Release|Any CPU.Build.0 = Release|Any CPU
		{31E7AA2A-91FE-4A10-9C21-7888E6E3A76F}.Debug|Any CPU.ActiveCfg = Debug|Any CPU
		{31E7AA2A-91FE-4A10-9C21-7888E6E3A76F}.Debug|Any CPU.Build.0 = Debug|Any CPU
		{31E7AA2A-91FE-4A10-9C21-7888E6E3A76F}.Release|Any CPU.ActiveCfg = Release|Any CPU
		{31E7AA2A-91FE-4A10-9C21-7888E6E3A76F}.Release|Any CPU.Build.0 = Release|Any CPU
		{D136EDEB-5EE9-4635-A357-51E3B7CC079B}.Debug|Any CPU.ActiveCfg = Debug|Any CPU
		{D136EDEB-5EE9-4635-A357-51E3B7CC079B}.Debug|Any CPU.Build.0 = Debug|Any CPU
		{D136EDEB-5EE9-4635-A357-51E3B7CC079B}.Release|Any CPU.ActiveCfg = Release|Any CPU
		{D136EDEB-5EE9-4635-A357-51E3B7CC079B}.Release|Any CPU.Build.0 = Release|Any CPU
	EndGlobalSection
	GlobalSection(SolutionProperties) = preSolution
		HideSolutionNode = FALSE
	EndGlobalSection
	GlobalSection(NestedProjects) = preSolution
		{3A72C61F-98BE-4B4A-B1E0-172E96D7B91A} = {D2505874-AFAB-4F33-80BE-97B060478CA0}
		{4A1DD209-3E1C-4305-A86E-3BF6DF7E8BB0} = {D2505874-AFAB-4F33-80BE-97B060478CA0}
		{4CCEF63B-9093-448A-B73F-E55EC11B5138} = {41109AD2-653C-4BCD-BA73-555156D29B9F}
		{DB7EFD7E-CACC-49AE-8851-FF2C1A3A90DE} = {41109AD2-653C-4BCD-BA73-555156D29B9F}
		{0E37FC33-D5BD-44E3-B050-419D9CBDA902} = {E0C6B76A-A7F6-4565-BB53-36CA9F0CFB38}
		{22BF6001-21F7-4951-9874-F875FA7E572F} = {A72502F3-8476-4CD9-A5B7-46ACDF054876}
		{13AFEE4C-D0CA-477C-A243-B9C2855D9A70} = {E0C6B76A-A7F6-4565-BB53-36CA9F0CFB38}
		{0B481CC4-1BD2-424A-80B4-7F067E1ADCAB} = {A72502F3-8476-4CD9-A5B7-46ACDF054876}
		{D65570FF-F860-4D35-9B28-9BD5F387C979} = {A72502F3-8476-4CD9-A5B7-46ACDF054876}
		{31E7AA2A-91FE-4A10-9C21-7888E6E3A76F} = {AB1669EE-B5F7-4666-A5C5-0CD8DC1AB924}
		{D136EDEB-5EE9-4635-A357-51E3B7CC079B} = {AB1669EE-B5F7-4666-A5C5-0CD8DC1AB924}
	EndGlobalSection
	GlobalSection(ExtensibilityGlobals) = postSolution
		SolutionGuid = {7E2ACF5D-18BF-4B07-A250-FBA78BE08306}
	EndGlobalSection
EndGlobal
