
Microsoft Visual Studio Solution File, Format Version 12.00
# Visual Studio 15
VisualStudioVersion = 15.0.27130.2027
MinimumVisualStudioVersion = 10.0.40219.1
Project("{FAE04EC0-301F-11D3-BF4B-00C04F79EFBC}") = "BxS_SAPExcel", "BxS_SAPExcel\BxS_SAPExcel.csproj", "{B20BC342-2FEA-41EA-8756-D1F3954858FB}"
EndProject
Global
	GlobalSection(SolutionConfigurationPlatforms) = preSolution
		Debug|Any CPU = Debug|Any CPU
		Release|Any CPU = Release|Any CPU
	EndGlobalSection
	GlobalSection(ProjectConfigurationPlatforms) = postSolution
		{B20BC342-2FEA-41EA-8756-D1F3954858FB}.Debug|Any CPU.ActiveCfg = Debug|Any CPU
		{B20BC342-2FEA-41EA-8756-D1F3954858FB}.Debug|Any CPU.Build.0 = Debug|Any CPU
		{B20BC342-2FEA-41EA-8756-D1F3954858FB}.Release|Any CPU.ActiveCfg = Release|Any CPU
		{B20BC342-2FEA-41EA-8756-D1F3954858FB}.Release|Any CPU.Build.0 = Release|Any CPU
	EndGlobalSection
	GlobalSection(SolutionProperties) = preSolution
		HideSolutionNode = FALSE
	EndGlobalSection
	GlobalSection(ExtensibilityGlobals) = postSolution
		SolutionGuid = {5092AF0D-0ECF-4FE5-B3A3-B711861C1A52}
	EndGlobalSection
EndGlobal
